
Microsoft Visual Studio Solution File, Format Version 12.00
# Visual Studio Version 17
VisualStudioVersion = 17.4.33205.214
MinimumVisualStudioVersion = 10.0.40219.1
Project("{9A19103F-16F7-4668-BE54-9A1E7A4F7556}") = "AniMedia.Web", "AniMedia.Web\AniMedia.Web.csproj", "{48E375A1-A8DC-4FE7-AAC5-00FA0E4190DF}"
EndProject
Project("{9A19103F-16F7-4668-BE54-9A1E7A4F7556}") = "AniMedia.Application", "AniMedia.Application\AniMedia.Application.csproj", "{81B5B695-707B-4877-BE66-D6628DF2B487}"
EndProject
Project("{9A19103F-16F7-4668-BE54-9A1E7A4F7556}") = "AniMedia.Domain", "AniMedia.Domain\AniMedia.Domain.csproj", "{EBBAB593-053E-45CA-8A60-A320BB2A95F9}"
EndProject
Project("{9A19103F-16F7-4668-BE54-9A1E7A4F7556}") = "AniMedia.Infrastructure", "AniMedia.Infrastructure\AniMedia.Infrastructure.csproj", "{5A921C1C-2D03-411E-944E-C4AA1C246257}"
EndProject
Project("{2150E333-8FDC-42A3-9474-1A3956D46DE8}") = "Components", "Components", "{3FDD515C-1CE8-4CE4-9C01-DA99F242ECA4}"
EndProject
Project("{9A19103F-16F7-4668-BE54-9A1E7A4F7556}") = "AniMedia.Components.Player", "AniMedia.Components.Player\AniMedia.Components.Player.csproj", "{90981C3F-6FDB-47FD-BDB4-D5625D7CCC7D}"
EndProject
Project("{2150E333-8FDC-42A3-9474-1A3956D46DE8}") = "Core", "Core", "{4684628A-D540-43FC-B7C5-91C112A13DDF}"
EndProject
Project("{2150E333-8FDC-42A3-9474-1A3956D46DE8}") = "Infrastructure", "Infrastructure", "{FEFF3B73-7E5E-4E82-AF49-1B3A6E6CA738}"
EndProject
Project("{2150E333-8FDC-42A3-9474-1A3956D46DE8}") = "UI", "UI", "{6B0B937A-94D4-4681-9FAE-7410BB2C62D1}"
EndProject
Project("{9A19103F-16F7-4668-BE54-9A1E7A4F7556}") = "AniMedia.API", "AniMedia.API\AniMedia.API.csproj", "{5294DA95-B868-4B96-A1B8-C57C8D1FF9FD}"
EndProject
Project("{2150E333-8FDC-42A3-9474-1A3956D46DE8}") = "src", "src", "{BD783A04-28BB-4CC6-9D19-89FC3FB64F01}"
EndProject
Project("{2150E333-8FDC-42A3-9474-1A3956D46DE8}") = "tests", "tests", "{451F6DBC-35F5-4A3D-BBF6-8C18793016D2}"
EndProject
Project("{2150E333-8FDC-42A3-9474-1A3956D46DE8}") = "API", "API", "{FE25186F-6F04-48E9-A1D0-304FDA078180}"
EndProject
Project("{9A19103F-16F7-4668-BE54-9A1E7A4F7556}") = "AniMedia.Persistence", "AniMedia.Persistence\AniMedia.Persistence.csproj", "{D9A39F97-C170-4BA6-A0D3-93B19EC3CD38}"
EndProject
Project("{FAE04EC0-301F-11D3-BF4B-00C04F79EFBC}") = "AniMedia.IntegrationTests", "AniMedia.IntegrationTests\AniMedia.IntegrationTests.csproj", "{F7CD485E-6280-416A-8D4A-9BF41F6B154B}"
EndProject
Global
	GlobalSection(SolutionConfigurationPlatforms) = preSolution
		Debug|Any CPU = Debug|Any CPU
		Release|Any CPU = Release|Any CPU
	EndGlobalSection
	GlobalSection(ProjectConfigurationPlatforms) = postSolution
		{48E375A1-A8DC-4FE7-AAC5-00FA0E4190DF}.Debug|Any CPU.ActiveCfg = Debug|Any CPU
		{48E375A1-A8DC-4FE7-AAC5-00FA0E4190DF}.Debug|Any CPU.Build.0 = Debug|Any CPU
		{48E375A1-A8DC-4FE7-AAC5-00FA0E4190DF}.Release|Any CPU.ActiveCfg = Release|Any CPU
		{48E375A1-A8DC-4FE7-AAC5-00FA0E4190DF}.Release|Any CPU.Build.0 = Release|Any CPU
		{81B5B695-707B-4877-BE66-D6628DF2B487}.Debug|Any CPU.ActiveCfg = Debug|Any CPU
		{81B5B695-707B-4877-BE66-D6628DF2B487}.Debug|Any CPU.Build.0 = Debug|Any CPU
		{81B5B695-707B-4877-BE66-D6628DF2B487}.Release|Any CPU.ActiveCfg = Release|Any CPU
		{81B5B695-707B-4877-BE66-D6628DF2B487}.Release|Any CPU.Build.0 = Release|Any CPU
		{EBBAB593-053E-45CA-8A60-A320BB2A95F9}.Debug|Any CPU.ActiveCfg = Debug|Any CPU
		{EBBAB593-053E-45CA-8A60-A320BB2A95F9}.Debug|Any CPU.Build.0 = Debug|Any CPU
		{EBBAB593-053E-45CA-8A60-A320BB2A95F9}.Release|Any CPU.ActiveCfg = Release|Any CPU
		{EBBAB593-053E-45CA-8A60-A320BB2A95F9}.Release|Any CPU.Build.0 = Release|Any CPU
		{5A921C1C-2D03-411E-944E-C4AA1C246257}.Debug|Any CPU.ActiveCfg = Debug|Any CPU
		{5A921C1C-2D03-411E-944E-C4AA1C246257}.Debug|Any CPU.Build.0 = Debug|Any CPU
		{5A921C1C-2D03-411E-944E-C4AA1C246257}.Release|Any CPU.ActiveCfg = Release|Any CPU
		{5A921C1C-2D03-411E-944E-C4AA1C246257}.Release|Any CPU.Build.0 = Release|Any CPU
		{90981C3F-6FDB-47FD-BDB4-D5625D7CCC7D}.Debug|Any CPU.ActiveCfg = Debug|Any CPU
		{90981C3F-6FDB-47FD-BDB4-D5625D7CCC7D}.Debug|Any CPU.Build.0 = Debug|Any CPU
		{90981C3F-6FDB-47FD-BDB4-D5625D7CCC7D}.Release|Any CPU.ActiveCfg = Release|Any CPU
		{90981C3F-6FDB-47FD-BDB4-D5625D7CCC7D}.Release|Any CPU.Build.0 = Release|Any CPU
		{5294DA95-B868-4B96-A1B8-C57C8D1FF9FD}.Debug|Any CPU.ActiveCfg = Debug|Any CPU
		{5294DA95-B868-4B96-A1B8-C57C8D1FF9FD}.Debug|Any CPU.Build.0 = Debug|Any CPU
		{5294DA95-B868-4B96-A1B8-C57C8D1FF9FD}.Release|Any CPU.ActiveCfg = Release|Any CPU
		{5294DA95-B868-4B96-A1B8-C57C8D1FF9FD}.Release|Any CPU.Build.0 = Release|Any CPU
		{D9A39F97-C170-4BA6-A0D3-93B19EC3CD38}.Debug|Any CPU.ActiveCfg = Debug|Any CPU
		{D9A39F97-C170-4BA6-A0D3-93B19EC3CD38}.Debug|Any CPU.Build.0 = Debug|Any CPU
		{D9A39F97-C170-4BA6-A0D3-93B19EC3CD38}.Release|Any CPU.ActiveCfg = Release|Any CPU
		{D9A39F97-C170-4BA6-A0D3-93B19EC3CD38}.Release|Any CPU.Build.0 = Release|Any CPU
		{F7CD485E-6280-416A-8D4A-9BF41F6B154B}.Debug|Any CPU.ActiveCfg = Debug|Any CPU
		{F7CD485E-6280-416A-8D4A-9BF41F6B154B}.Debug|Any CPU.Build.0 = Debug|Any CPU
		{F7CD485E-6280-416A-8D4A-9BF41F6B154B}.Release|Any CPU.ActiveCfg = Release|Any CPU
		{F7CD485E-6280-416A-8D4A-9BF41F6B154B}.Release|Any CPU.Build.0 = Release|Any CPU
	EndGlobalSection
	GlobalSection(SolutionProperties) = preSolution
		HideSolutionNode = FALSE
	EndGlobalSection
	GlobalSection(NestedProjects) = preSolution
		{48E375A1-A8DC-4FE7-AAC5-00FA0E4190DF} = {6B0B937A-94D4-4681-9FAE-7410BB2C62D1}
		{81B5B695-707B-4877-BE66-D6628DF2B487} = {4684628A-D540-43FC-B7C5-91C112A13DDF}
		{EBBAB593-053E-45CA-8A60-A320BB2A95F9} = {4684628A-D540-43FC-B7C5-91C112A13DDF}
		{5A921C1C-2D03-411E-944E-C4AA1C246257} = {FEFF3B73-7E5E-4E82-AF49-1B3A6E6CA738}
		{3FDD515C-1CE8-4CE4-9C01-DA99F242ECA4} = {6B0B937A-94D4-4681-9FAE-7410BB2C62D1}
		{90981C3F-6FDB-47FD-BDB4-D5625D7CCC7D} = {3FDD515C-1CE8-4CE4-9C01-DA99F242ECA4}
		{4684628A-D540-43FC-B7C5-91C112A13DDF} = {BD783A04-28BB-4CC6-9D19-89FC3FB64F01}
		{FEFF3B73-7E5E-4E82-AF49-1B3A6E6CA738} = {BD783A04-28BB-4CC6-9D19-89FC3FB64F01}
		{6B0B937A-94D4-4681-9FAE-7410BB2C62D1} = {BD783A04-28BB-4CC6-9D19-89FC3FB64F01}
		{5294DA95-B868-4B96-A1B8-C57C8D1FF9FD} = {FE25186F-6F04-48E9-A1D0-304FDA078180}
		{FE25186F-6F04-48E9-A1D0-304FDA078180} = {BD783A04-28BB-4CC6-9D19-89FC3FB64F01}
		{D9A39F97-C170-4BA6-A0D3-93B19EC3CD38} = {FEFF3B73-7E5E-4E82-AF49-1B3A6E6CA738}
		{F7CD485E-6280-416A-8D4A-9BF41F6B154B} = {451F6DBC-35F5-4A3D-BBF6-8C18793016D2}
	EndGlobalSection
	GlobalSection(ExtensibilityGlobals) = postSolution
		SolutionGuid = {5CDFBFAD-530A-4B63-AC35-BF6156DC81BE}
	EndGlobalSection
EndGlobal
